
Microsoft Visual Studio Solution File, Format Version 12.00
# Visual Studio Version 16
VisualStudioVersion = 16.0.31702.278
MinimumVisualStudioVersion = 10.0.40219.1
Project("{8BC9CEB8-8B4A-11D0-8D11-00A0C91BC942}") = "czmut", "czmut.vcxproj", "{3CCB507F-92A4-41F6-AE83-887409111266}"
EndProject
Project("{2150E333-8FDC-42A3-9474-1A3956D46DE8}") = "lib", "lib", "{1AD52018-F6B4-48B1-AF9A-13829703F7D5}"
EndProject
Project("{8BC9CEB8-8B4A-11D0-8D11-00A0C91BC942}") = "examples", "examples.vcxproj", "{560F7ECE-7F3B-4AD2-A2B1-4A665132B206}"
EndProject
Global
	GlobalSection(SolutionConfigurationPlatforms) = preSolution
		Debug|x64 = Debug|x64
		Debug|x86 = Debug|x86
		Release|x64 = Release|x64
		Release|x86 = Release|x86
	EndGlobalSection
	GlobalSection(ProjectConfigurationPlatforms) = postSolution
		{3CCB507F-92A4-41F6-AE83-887409111266}.Debug|x64.ActiveCfg = Debug|x64
		{3CCB507F-92A4-41F6-AE83-887409111266}.Debug|x64.Build.0 = Debug|x64
		{3CCB507F-92A4-41F6-AE83-887409111266}.Debug|x86.ActiveCfg = Debug|Win32
		{3CCB507F-92A4-41F6-AE83-887409111266}.Debug|x86.Build.0 = Debug|Win32
		{3CCB507F-92A4-41F6-AE83-887409111266}.Release|x64.ActiveCfg = Release|x64
		{3CCB507F-92A4-41F6-AE83-887409111266}.Release|x64.Build.0 = Release|x64
		{3CCB507F-92A4-41F6-AE83-887409111266}.Release|x86.ActiveCfg = Release|Win32
		{3CCB507F-92A4-41F6-AE83-887409111266}.Release|x86.Build.0 = Release|Win32
		{560F7ECE-7F3B-4AD2-A2B1-4A665132B206}.Debug|x64.ActiveCfg = Debug|x64
		{560F7ECE-7F3B-4AD2-A2B1-4A665132B206}.Debug|x64.Build.0 = Debug|x64
		{560F7ECE-7F3B-4AD2-A2B1-4A665132B206}.Debug|x86.ActiveCfg = Debug|Win32
		{560F7ECE-7F3B-4AD2-A2B1-4A665132B206}.Debug|x86.Build.0 = Debug|Win32
		{560F7ECE-7F3B-4AD2-A2B1-4A665132B206}.Release|x64.ActiveCfg = Release|x64
		{560F7ECE-7F3B-4AD2-A2B1-4A665132B206}.Release|x64.Build.0 = Release|x64
		{560F7ECE-7F3B-4AD2-A2B1-4A665132B206}.Release|x86.ActiveCfg = Release|Win32
		{560F7ECE-7F3B-4AD2-A2B1-4A665132B206}.Release|x86.Build.0 = Release|Win32
	EndGlobalSection
	GlobalSection(SolutionProperties) = preSolution
		HideSolutionNode = FALSE
	EndGlobalSection
	GlobalSection(NestedProjects) = preSolution
		{3CCB507F-92A4-41F6-AE83-887409111266} = {1AD52018-F6B4-48B1-AF9A-13829703F7D5}
	EndGlobalSection
	GlobalSection(ExtensibilityGlobals) = postSolution
		SolutionGuid = {46DC5247-DAAA-4165-A08D-77678E005F8A}
	EndGlobalSection
EndGlobal
