<?xml version="1.0" encoding="utf-8"?>
<Project ToolsVersion="4.0" xmlns="http://schemas.microsoft.com/developer/msbuild/2003">
  <ItemGroup>
    <ClCompile Include="..\lib\czmut\src\czmut\czmut.cpp" />
  </ItemGroup>
  <ItemGroup>
    <ClInclude Include="..\lib\czmut\src\czmut\czmut.h" />
    <ClInclude Include="..\lib\czmut\src\czmut\helpers\ministd.h">
      <Filter>helpers</Filter>
    </ClInclude>
    <ClInclude Include="..\lib\czmut\src\czmut\helpers\vaargs_to_string_array.h">
      <Filter>helpers</Filter>
    </ClInclude>
  </ItemGroup>
  <ItemGroup>
    <Filter Include="helpers">
      <UniqueIdentifier>{b57c884b-78bb-4a78-a3d4-8fd819b9cc22}</UniqueIdentifier>
    </Filter>
  </ItemGroup>
  <ItemGroup>
    <None Include="..\lib\czmut\src\czmut\helpers\initializer_list">
      <Filter>helpers</Filter>
    </None>
  </ItemGroup>
</Project>